
Microsoft Visual Studio Solution File, Format Version 12.00
# Visual Studio 15
VisualStudioVersion = 15.0.26730.16
MinimumVisualStudioVersion = 10.0.40219.1
Project("{FAE04EC0-301F-11D3-BF4B-00C04F79EFBC}") = "AutosRA.Android", "AutosRA\AutosRA.Android\AutosRA.Android.csproj", "{E27CA8AA-61F2-48D0-A7C8-54A48804C74E}"
EndProject
Project("{FAE04EC0-301F-11D3-BF4B-00C04F79EFBC}") = "AutosRA", "AutosRA\AutosRA\AutosRA.csproj", "{B87E3755-67A2-464B-BEA8-841C0D70C269}"
EndProject
Project("{FAE04EC0-301F-11D3-BF4B-00C04F79EFBC}") = "AutosRA.UWP", "AutosRA\AutosRA.UWP\AutosRA.UWP.csproj", "{6AE3C03B-B204-4FAF-BA36-38530CD2FE79}"
EndProject
Project("{FAE04EC0-301F-11D3-BF4B-00C04F79EFBC}") = "AutosRA.iOS", "AutosRA\AutosRA.iOS\AutosRA.iOS.csproj", "{6790BBE5-963C-48D0-8237-82705FC52043}"
EndProject
Project("{FAE04EC0-301F-11D3-BF4B-00C04F79EFBC}") = "AutosRA.Domain", "AutosRA.Domain\AutosRA.Domain.csproj", "{06D43744-C8D3-4770-8588-3942E68C4638}"
EndProject
Project("{FAE04EC0-301F-11D3-BF4B-00C04F79EFBC}") = "AutosRA.Backend", "AutosRa.Backend\AutosRA.Backend.csproj", "{670CBA69-9583-4080-9DB7-CF38C572BD11}"
EndProject
Project("{FAE04EC0-301F-11D3-BF4B-00C04F79EFBC}") = "AutosRA.API", "AutosRa.API\AutosRA.API.csproj", "{228C2012-4595-4A5D-AD05-257DCC56E346}"
EndProject
Global
	GlobalSection(SolutionConfigurationPlatforms) = preSolution
		Ad-Hoc|Any CPU = Ad-Hoc|Any CPU
		Ad-Hoc|ARM = Ad-Hoc|ARM
		Ad-Hoc|iPhone = Ad-Hoc|iPhone
		Ad-Hoc|iPhoneSimulator = Ad-Hoc|iPhoneSimulator
		Ad-Hoc|x64 = Ad-Hoc|x64
		Ad-Hoc|x86 = Ad-Hoc|x86
		AppStore|Any CPU = AppStore|Any CPU
		AppStore|ARM = AppStore|ARM
		AppStore|iPhone = AppStore|iPhone
		AppStore|iPhoneSimulator = AppStore|iPhoneSimulator
		AppStore|x64 = AppStore|x64
		AppStore|x86 = AppStore|x86
		Debug|Any CPU = Debug|Any CPU
		Debug|ARM = Debug|ARM
		Debug|iPhone = Debug|iPhone
		Debug|iPhoneSimulator = Debug|iPhoneSimulator
		Debug|x64 = Debug|x64
		Debug|x86 = Debug|x86
		Release|Any CPU = Release|Any CPU
		Release|ARM = Release|ARM
		Release|iPhone = Release|iPhone
		Release|iPhoneSimulator = Release|iPhoneSimulator
		Release|x64 = Release|x64
		Release|x86 = Release|x86
	EndGlobalSection
	GlobalSection(ProjectConfigurationPlatforms) = postSolution
		{E27CA8AA-61F2-48D0-A7C8-54A48804C74E}.Ad-Hoc|Any CPU.ActiveCfg = Release|Any CPU
		{E27CA8AA-61F2-48D0-A7C8-54A48804C74E}.Ad-Hoc|Any CPU.Build.0 = Release|Any CPU
		{E27CA8AA-61F2-48D0-A7C8-54A48804C74E}.Ad-Hoc|Any CPU.Deploy.0 = Release|Any CPU
		{E27CA8AA-61F2-48D0-A7C8-54A48804C74E}.Ad-Hoc|ARM.ActiveCfg = Release|Any CPU
		{E27CA8AA-61F2-48D0-A7C8-54A48804C74E}.Ad-Hoc|ARM.Build.0 = Release|Any CPU
		{E27CA8AA-61F2-48D0-A7C8-54A48804C74E}.Ad-Hoc|ARM.Deploy.0 = Release|Any CPU
		{E27CA8AA-61F2-48D0-A7C8-54A48804C74E}.Ad-Hoc|iPhone.ActiveCfg = Release|Any CPU
		{E27CA8AA-61F2-48D0-A7C8-54A48804C74E}.Ad-Hoc|iPhone.Build.0 = Release|Any CPU
		{E27CA8AA-61F2-48D0-A7C8-54A48804C74E}.Ad-Hoc|iPhone.Deploy.0 = Release|Any CPU
		{E27CA8AA-61F2-48D0-A7C8-54A48804C74E}.Ad-Hoc|iPhoneSimulator.ActiveCfg = Release|Any CPU
		{E27CA8AA-61F2-48D0-A7C8-54A48804C74E}.Ad-Hoc|iPhoneSimulator.Build.0 = Release|Any CPU
		{E27CA8AA-61F2-48D0-A7C8-54A48804C74E}.Ad-Hoc|iPhoneSimulator.Deploy.0 = Release|Any CPU
		{E27CA8AA-61F2-48D0-A7C8-54A48804C74E}.Ad-Hoc|x64.ActiveCfg = Release|Any CPU
		{E27CA8AA-61F2-48D0-A7C8-54A48804C74E}.Ad-Hoc|x64.Build.0 = Release|Any CPU
		{E27CA8AA-61F2-48D0-A7C8-54A48804C74E}.Ad-Hoc|x64.Deploy.0 = Release|Any CPU
		{E27CA8AA-61F2-48D0-A7C8-54A48804C74E}.Ad-Hoc|x86.ActiveCfg = Release|Any CPU
		{E27CA8AA-61F2-48D0-A7C8-54A48804C74E}.Ad-Hoc|x86.Build.0 = Release|Any CPU
		{E27CA8AA-61F2-48D0-A7C8-54A48804C74E}.Ad-Hoc|x86.Deploy.0 = Release|Any CPU
		{E27CA8AA-61F2-48D0-A7C8-54A48804C74E}.AppStore|Any CPU.ActiveCfg = Release|Any CPU
		{E27CA8AA-61F2-48D0-A7C8-54A48804C74E}.AppStore|Any CPU.Build.0 = Release|Any CPU
		{E27CA8AA-61F2-48D0-A7C8-54A48804C74E}.AppStore|Any CPU.Deploy.0 = Release|Any CPU
		{E27CA8AA-61F2-48D0-A7C8-54A48804C74E}.AppStore|ARM.ActiveCfg = Release|Any CPU
		{E27CA8AA-61F2-48D0-A7C8-54A48804C74E}.AppStore|ARM.Build.0 = Release|Any CPU
		{E27CA8AA-61F2-48D0-A7C8-54A48804C74E}.AppStore|ARM.Deploy.0 = Release|Any CPU
		{E27CA8AA-61F2-48D0-A7C8-54A48804C74E}.AppStore|iPhone.ActiveCfg = Release|Any CPU
		{E27CA8AA-61F2-48D0-A7C8-54A48804C74E}.AppStore|iPhone.Build.0 = Release|Any CPU
		{E27CA8AA-61F2-48D0-A7C8-54A48804C74E}.AppStore|iPhone.Deploy.0 = Release|Any CPU
		{E27CA8AA-61F2-48D0-A7C8-54A48804C74E}.AppStore|iPhoneSimulator.ActiveCfg = Release|Any CPU
		{E27CA8AA-61F2-48D0-A7C8-54A48804C74E}.AppStore|iPhoneSimulator.Build.0 = Release|Any CPU
		{E27CA8AA-61F2-48D0-A7C8-54A48804C74E}.AppStore|iPhoneSimulator.Deploy.0 = Release|Any CPU
		{E27CA8AA-61F2-48D0-A7C8-54A48804C74E}.AppStore|x64.ActiveCfg = Release|Any CPU
		{E27CA8AA-61F2-48D0-A7C8-54A48804C74E}.AppStore|x64.Build.0 = Release|Any CPU
		{E27CA8AA-61F2-48D0-A7C8-54A48804C74E}.AppStore|x64.Deploy.0 = Release|Any CPU
		{E27CA8AA-61F2-48D0-A7C8-54A48804C74E}.AppStore|x86.ActiveCfg = Release|Any CPU
		{E27CA8AA-61F2-48D0-A7C8-54A48804C74E}.AppStore|x86.Build.0 = Release|Any CPU
		{E27CA8AA-61F2-48D0-A7C8-54A48804C74E}.AppStore|x86.Deploy.0 = Release|Any CPU
		{E27CA8AA-61F2-48D0-A7C8-54A48804C74E}.Debug|Any CPU.ActiveCfg = Debug|Any CPU
		{E27CA8AA-61F2-48D0-A7C8-54A48804C74E}.Debug|Any CPU.Build.0 = Debug|Any CPU
		{E27CA8AA-61F2-48D0-A7C8-54A48804C74E}.Debug|Any CPU.Deploy.0 = Debug|Any CPU
		{E27CA8AA-61F2-48D0-A7C8-54A48804C74E}.Debug|ARM.ActiveCfg = Debug|Any CPU
		{E27CA8AA-61F2-48D0-A7C8-54A48804C74E}.Debug|ARM.Build.0 = Debug|Any CPU
		{E27CA8AA-61F2-48D0-A7C8-54A48804C74E}.Debug|ARM.Deploy.0 = Debug|Any CPU
		{E27CA8AA-61F2-48D0-A7C8-54A48804C74E}.Debug|iPhone.ActiveCfg = Debug|Any CPU
		{E27CA8AA-61F2-48D0-A7C8-54A48804C74E}.Debug|iPhone.Build.0 = Debug|Any CPU
		{E27CA8AA-61F2-48D0-A7C8-54A48804C74E}.Debug|iPhone.Deploy.0 = Debug|Any CPU
		{E27CA8AA-61F2-48D0-A7C8-54A48804C74E}.Debug|iPhoneSimulator.ActiveCfg = Debug|Any CPU
		{E27CA8AA-61F2-48D0-A7C8-54A48804C74E}.Debug|iPhoneSimulator.Build.0 = Debug|Any CPU
		{E27CA8AA-61F2-48D0-A7C8-54A48804C74E}.Debug|iPhoneSimulator.Deploy.0 = Debug|Any CPU
		{E27CA8AA-61F2-48D0-A7C8-54A48804C74E}.Debug|x64.ActiveCfg = Debug|Any CPU
		{E27CA8AA-61F2-48D0-A7C8-54A48804C74E}.Debug|x64.Build.0 = Debug|Any CPU
		{E27CA8AA-61F2-48D0-A7C8-54A48804C74E}.Debug|x64.Deploy.0 = Debug|Any CPU
		{E27CA8AA-61F2-48D0-A7C8-54A48804C74E}.Debug|x86.ActiveCfg = Debug|Any CPU
		{E27CA8AA-61F2-48D0-A7C8-54A48804C74E}.Debug|x86.Build.0 = Debug|Any CPU
		{E27CA8AA-61F2-48D0-A7C8-54A48804C74E}.Debug|x86.Deploy.0 = Debug|Any CPU
		{E27CA8AA-61F2-48D0-A7C8-54A48804C74E}.Release|Any CPU.ActiveCfg = Release|Any CPU
		{E27CA8AA-61F2-48D0-A7C8-54A48804C74E}.Release|Any CPU.Build.0 = Release|Any CPU
		{E27CA8AA-61F2-48D0-A7C8-54A48804C74E}.Release|Any CPU.Deploy.0 = Release|Any CPU
		{E27CA8AA-61F2-48D0-A7C8-54A48804C74E}.Release|ARM.ActiveCfg = Release|Any CPU
		{E27CA8AA-61F2-48D0-A7C8-54A48804C74E}.Release|ARM.Build.0 = Release|Any CPU
		{E27CA8AA-61F2-48D0-A7C8-54A48804C74E}.Release|ARM.Deploy.0 = Release|Any CPU
		{E27CA8AA-61F2-48D0-A7C8-54A48804C74E}.Release|iPhone.ActiveCfg = Release|Any CPU
		{E27CA8AA-61F2-48D0-A7C8-54A48804C74E}.Release|iPhone.Build.0 = Release|Any CPU
		{E27CA8AA-61F2-48D0-A7C8-54A48804C74E}.Release|iPhone.Deploy.0 = Release|Any CPU
		{E27CA8AA-61F2-48D0-A7C8-54A48804C74E}.Release|iPhoneSimulator.ActiveCfg = Release|Any CPU
		{E27CA8AA-61F2-48D0-A7C8-54A48804C74E}.Release|iPhoneSimulator.Build.0 = Release|Any CPU
		{E27CA8AA-61F2-48D0-A7C8-54A48804C74E}.Release|iPhoneSimulator.Deploy.0 = Release|Any CPU
		{E27CA8AA-61F2-48D0-A7C8-54A48804C74E}.Release|x64.ActiveCfg = Release|Any CPU
		{E27CA8AA-61F2-48D0-A7C8-54A48804C74E}.Release|x64.Build.0 = Release|Any CPU
		{E27CA8AA-61F2-48D0-A7C8-54A48804C74E}.Release|x64.Deploy.0 = Release|Any CPU
		{E27CA8AA-61F2-48D0-A7C8-54A48804C74E}.Release|x86.ActiveCfg = Release|Any CPU
		{E27CA8AA-61F2-48D0-A7C8-54A48804C74E}.Release|x86.Build.0 = Release|Any CPU
		{E27CA8AA-61F2-48D0-A7C8-54A48804C74E}.Release|x86.Deploy.0 = Release|Any CPU
		{B87E3755-67A2-464B-BEA8-841C0D70C269}.Ad-Hoc|Any CPU.ActiveCfg = Release|Any CPU
		{B87E3755-67A2-464B-BEA8-841C0D70C269}.Ad-Hoc|Any CPU.Build.0 = Release|Any CPU
		{B87E3755-67A2-464B-BEA8-841C0D70C269}.Ad-Hoc|ARM.ActiveCfg = Release|Any CPU
		{B87E3755-67A2-464B-BEA8-841C0D70C269}.Ad-Hoc|ARM.Build.0 = Release|Any CPU
		{B87E3755-67A2-464B-BEA8-841C0D70C269}.Ad-Hoc|iPhone.ActiveCfg = Release|Any CPU
		{B87E3755-67A2-464B-BEA8-841C0D70C269}.Ad-Hoc|iPhone.Build.0 = Release|Any CPU
		{B87E3755-67A2-464B-BEA8-841C0D70C269}.Ad-Hoc|iPhoneSimulator.ActiveCfg = Release|Any CPU
		{B87E3755-67A2-464B-BEA8-841C0D70C269}.Ad-Hoc|iPhoneSimulator.Build.0 = Release|Any CPU
		{B87E3755-67A2-464B-BEA8-841C0D70C269}.Ad-Hoc|x64.ActiveCfg = Release|Any CPU
		{B87E3755-67A2-464B-BEA8-841C0D70C269}.Ad-Hoc|x64.Build.0 = Release|Any CPU
		{B87E3755-67A2-464B-BEA8-841C0D70C269}.Ad-Hoc|x86.ActiveCfg = Release|Any CPU
		{B87E3755-67A2-464B-BEA8-841C0D70C269}.Ad-Hoc|x86.Build.0 = Release|Any CPU
		{B87E3755-67A2-464B-BEA8-841C0D70C269}.AppStore|Any CPU.ActiveCfg = Release|Any CPU
		{B87E3755-67A2-464B-BEA8-841C0D70C269}.AppStore|Any CPU.Build.0 = Release|Any CPU
		{B87E3755-67A2-464B-BEA8-841C0D70C269}.AppStore|ARM.ActiveCfg = Release|Any CPU
		{B87E3755-67A2-464B-BEA8-841C0D70C269}.AppStore|ARM.Build.0 = Release|Any CPU
		{B87E3755-67A2-464B-BEA8-841C0D70C269}.AppStore|iPhone.ActiveCfg = Release|Any CPU
		{B87E3755-67A2-464B-BEA8-841C0D70C269}.AppStore|iPhone.Build.0 = Release|Any CPU
		{B87E3755-67A2-464B-BEA8-841C0D70C269}.AppStore|iPhoneSimulator.ActiveCfg = Release|Any CPU
		{B87E3755-67A2-464B-BEA8-841C0D70C269}.AppStore|iPhoneSimulator.Build.0 = Release|Any CPU
		{B87E3755-67A2-464B-BEA8-841C0D70C269}.AppStore|x64.ActiveCfg = Release|Any CPU
		{B87E3755-67A2-464B-BEA8-841C0D70C269}.AppStore|x64.Build.0 = Release|Any CPU
		{B87E3755-67A2-464B-BEA8-841C0D70C269}.AppStore|x86.ActiveCfg = Release|Any CPU
		{B87E3755-67A2-464B-BEA8-841C0D70C269}.AppStore|x86.Build.0 = Release|Any CPU
		{B87E3755-67A2-464B-BEA8-841C0D70C269}.Debug|Any CPU.ActiveCfg = Debug|Any CPU
		{B87E3755-67A2-464B-BEA8-841C0D70C269}.Debug|Any CPU.Build.0 = Debug|Any CPU
		{B87E3755-67A2-464B-BEA8-841C0D70C269}.Debug|ARM.ActiveCfg = Debug|Any CPU
		{B87E3755-67A2-464B-BEA8-841C0D70C269}.Debug|ARM.Build.0 = Debug|Any CPU
		{B87E3755-67A2-464B-BEA8-841C0D70C269}.Debug|iPhone.ActiveCfg = Debug|Any CPU
		{B87E3755-67A2-464B-BEA8-841C0D70C269}.Debug|iPhone.Build.0 = Debug|Any CPU
		{B87E3755-67A2-464B-BEA8-841C0D70C269}.Debug|iPhoneSimulator.ActiveCfg = Debug|Any CPU
		{B87E3755-67A2-464B-BEA8-841C0D70C269}.Debug|iPhoneSimulator.Build.0 = Debug|Any CPU
		{B87E3755-67A2-464B-BEA8-841C0D70C269}.Debug|x64.ActiveCfg = Debug|Any CPU
		{B87E3755-67A2-464B-BEA8-841C0D70C269}.Debug|x64.Build.0 = Debug|Any CPU
		{B87E3755-67A2-464B-BEA8-841C0D70C269}.Debug|x86.ActiveCfg = Debug|Any CPU
		{B87E3755-67A2-464B-BEA8-841C0D70C269}.Debug|x86.Build.0 = Debug|Any CPU
		{B87E3755-67A2-464B-BEA8-841C0D70C269}.Release|Any CPU.ActiveCfg = Release|Any CPU
		{B87E3755-67A2-464B-BEA8-841C0D70C269}.Release|Any CPU.Build.0 = Release|Any CPU
		{B87E3755-67A2-464B-BEA8-841C0D70C269}.Release|ARM.ActiveCfg = Release|Any CPU
		{B87E3755-67A2-464B-BEA8-841C0D70C269}.Release|ARM.Build.0 = Release|Any CPU
		{B87E3755-67A2-464B-BEA8-841C0D70C269}.Release|iPhone.ActiveCfg = Release|Any CPU
		{B87E3755-67A2-464B-BEA8-841C0D70C269}.Release|iPhone.Build.0 = Release|Any CPU
		{B87E3755-67A2-464B-BEA8-841C0D70C269}.Release|iPhoneSimulator.ActiveCfg = Release|Any CPU
		{B87E3755-67A2-464B-BEA8-841C0D70C269}.Release|iPhoneSimulator.Build.0 = Release|Any CPU
		{B87E3755-67A2-464B-BEA8-841C0D70C269}.Release|x64.ActiveCfg = Release|Any CPU
		{B87E3755-67A2-464B-BEA8-841C0D70C269}.Release|x64.Build.0 = Release|Any CPU
		{B87E3755-67A2-464B-BEA8-841C0D70C269}.Release|x86.ActiveCfg = Release|Any CPU
		{B87E3755-67A2-464B-BEA8-841C0D70C269}.Release|x86.Build.0 = Release|Any CPU
		{6AE3C03B-B204-4FAF-BA36-38530CD2FE79}.Ad-Hoc|Any CPU.ActiveCfg = Release|x86
		{6AE3C03B-B204-4FAF-BA36-38530CD2FE79}.Ad-Hoc|Any CPU.Build.0 = Release|x86
		{6AE3C03B-B204-4FAF-BA36-38530CD2FE79}.Ad-Hoc|Any CPU.Deploy.0 = Release|x86
		{6AE3C03B-B204-4FAF-BA36-38530CD2FE79}.Ad-Hoc|ARM.ActiveCfg = Release|ARM
		{6AE3C03B-B204-4FAF-BA36-38530CD2FE79}.Ad-Hoc|ARM.Build.0 = Release|ARM
		{6AE3C03B-B204-4FAF-BA36-38530CD2FE79}.Ad-Hoc|ARM.Deploy.0 = Release|ARM
		{6AE3C03B-B204-4FAF-BA36-38530CD2FE79}.Ad-Hoc|iPhone.ActiveCfg = Release|x86
		{6AE3C03B-B204-4FAF-BA36-38530CD2FE79}.Ad-Hoc|iPhone.Build.0 = Release|x86
		{6AE3C03B-B204-4FAF-BA36-38530CD2FE79}.Ad-Hoc|iPhone.Deploy.0 = Release|x86
		{6AE3C03B-B204-4FAF-BA36-38530CD2FE79}.Ad-Hoc|iPhoneSimulator.ActiveCfg = Release|x86
		{6AE3C03B-B204-4FAF-BA36-38530CD2FE79}.Ad-Hoc|iPhoneSimulator.Build.0 = Release|x86
		{6AE3C03B-B204-4FAF-BA36-38530CD2FE79}.Ad-Hoc|iPhoneSimulator.Deploy.0 = Release|x86
		{6AE3C03B-B204-4FAF-BA36-38530CD2FE79}.Ad-Hoc|x64.ActiveCfg = Release|x64
		{6AE3C03B-B204-4FAF-BA36-38530CD2FE79}.Ad-Hoc|x64.Build.0 = Release|x64
		{6AE3C03B-B204-4FAF-BA36-38530CD2FE79}.Ad-Hoc|x64.Deploy.0 = Release|x64
		{6AE3C03B-B204-4FAF-BA36-38530CD2FE79}.Ad-Hoc|x86.ActiveCfg = Release|x86
		{6AE3C03B-B204-4FAF-BA36-38530CD2FE79}.Ad-Hoc|x86.Build.0 = Release|x86
		{6AE3C03B-B204-4FAF-BA36-38530CD2FE79}.Ad-Hoc|x86.Deploy.0 = Release|x86
		{6AE3C03B-B204-4FAF-BA36-38530CD2FE79}.AppStore|Any CPU.ActiveCfg = Release|x86
		{6AE3C03B-B204-4FAF-BA36-38530CD2FE79}.AppStore|Any CPU.Build.0 = Release|x86
		{6AE3C03B-B204-4FAF-BA36-38530CD2FE79}.AppStore|Any CPU.Deploy.0 = Release|x86
		{6AE3C03B-B204-4FAF-BA36-38530CD2FE79}.AppStore|ARM.ActiveCfg = Release|ARM
		{6AE3C03B-B204-4FAF-BA36-38530CD2FE79}.AppStore|ARM.Build.0 = Release|ARM
		{6AE3C03B-B204-4FAF-BA36-38530CD2FE79}.AppStore|ARM.Deploy.0 = Release|ARM
		{6AE3C03B-B204-4FAF-BA36-38530CD2FE79}.AppStore|iPhone.ActiveCfg = Release|x86
		{6AE3C03B-B204-4FAF-BA36-38530CD2FE79}.AppStore|iPhone.Build.0 = Release|x86
		{6AE3C03B-B204-4FAF-BA36-38530CD2FE79}.AppStore|iPhone.Deploy.0 = Release|x86
		{6AE3C03B-B204-4FAF-BA36-38530CD2FE79}.AppStore|iPhoneSimulator.ActiveCfg = Release|x86
		{6AE3C03B-B204-4FAF-BA36-38530CD2FE79}.AppStore|iPhoneSimulator.Build.0 = Release|x86
		{6AE3C03B-B204-4FAF-BA36-38530CD2FE79}.AppStore|iPhoneSimulator.Deploy.0 = Release|x86
		{6AE3C03B-B204-4FAF-BA36-38530CD2FE79}.AppStore|x64.ActiveCfg = Release|x64
		{6AE3C03B-B204-4FAF-BA36-38530CD2FE79}.AppStore|x64.Build.0 = Release|x64
		{6AE3C03B-B204-4FAF-BA36-38530CD2FE79}.AppStore|x64.Deploy.0 = Release|x64
		{6AE3C03B-B204-4FAF-BA36-38530CD2FE79}.AppStore|x86.ActiveCfg = Release|x86
		{6AE3C03B-B204-4FAF-BA36-38530CD2FE79}.AppStore|x86.Build.0 = Release|x86
		{6AE3C03B-B204-4FAF-BA36-38530CD2FE79}.AppStore|x86.Deploy.0 = Release|x86
		{6AE3C03B-B204-4FAF-BA36-38530CD2FE79}.Debug|Any CPU.ActiveCfg = Debug|x86
		{6AE3C03B-B204-4FAF-BA36-38530CD2FE79}.Debug|ARM.ActiveCfg = Debug|ARM
		{6AE3C03B-B204-4FAF-BA36-38530CD2FE79}.Debug|ARM.Build.0 = Debug|ARM
		{6AE3C03B-B204-4FAF-BA36-38530CD2FE79}.Debug|ARM.Deploy.0 = Debug|ARM
		{6AE3C03B-B204-4FAF-BA36-38530CD2FE79}.Debug|iPhone.ActiveCfg = Debug|x86
		{6AE3C03B-B204-4FAF-BA36-38530CD2FE79}.Debug|iPhoneSimulator.ActiveCfg = Debug|x86
		{6AE3C03B-B204-4FAF-BA36-38530CD2FE79}.Debug|x64.ActiveCfg = Debug|x64
		{6AE3C03B-B204-4FAF-BA36-38530CD2FE79}.Debug|x64.Build.0 = Debug|x64
		{6AE3C03B-B204-4FAF-BA36-38530CD2FE79}.Debug|x64.Deploy.0 = Debug|x64
		{6AE3C03B-B204-4FAF-BA36-38530CD2FE79}.Debug|x86.ActiveCfg = Debug|x86
		{6AE3C03B-B204-4FAF-BA36-38530CD2FE79}.Debug|x86.Build.0 = Debug|x86
		{6AE3C03B-B204-4FAF-BA36-38530CD2FE79}.Debug|x86.Deploy.0 = Debug|x86
		{6AE3C03B-B204-4FAF-BA36-38530CD2FE79}.Release|Any CPU.ActiveCfg = Release|x86
		{6AE3C03B-B204-4FAF-BA36-38530CD2FE79}.Release|ARM.ActiveCfg = Release|ARM
		{6AE3C03B-B204-4FAF-BA36-38530CD2FE79}.Release|ARM.Build.0 = Release|ARM
		{6AE3C03B-B204-4FAF-BA36-38530CD2FE79}.Release|ARM.Deploy.0 = Release|ARM
		{6AE3C03B-B204-4FAF-BA36-38530CD2FE79}.Release|iPhone.ActiveCfg = Release|x86
		{6AE3C03B-B204-4FAF-BA36-38530CD2FE79}.Release|iPhoneSimulator.ActiveCfg = Release|x86
		{6AE3C03B-B204-4FAF-BA36-38530CD2FE79}.Release|x64.ActiveCfg = Release|x64
		{6AE3C03B-B204-4FAF-BA36-38530CD2FE79}.Release|x64.Build.0 = Release|x64
		{6AE3C03B-B204-4FAF-BA36-38530CD2FE79}.Release|x64.Deploy.0 = Release|x64
		{6AE3C03B-B204-4FAF-BA36-38530CD2FE79}.Release|x86.ActiveCfg = Release|x86
		{6AE3C03B-B204-4FAF-BA36-38530CD2FE79}.Release|x86.Build.0 = Release|x86
		{6AE3C03B-B204-4FAF-BA36-38530CD2FE79}.Release|x86.Deploy.0 = Release|x86
		{6790BBE5-963C-48D0-8237-82705FC52043}.Ad-Hoc|Any CPU.ActiveCfg = Ad-Hoc|iPhone
		{6790BBE5-963C-48D0-8237-82705FC52043}.Ad-Hoc|ARM.ActiveCfg = Ad-Hoc|iPhone
		{6790BBE5-963C-48D0-8237-82705FC52043}.Ad-Hoc|iPhone.ActiveCfg = Ad-Hoc|iPhone
		{6790BBE5-963C-48D0-8237-82705FC52043}.Ad-Hoc|iPhone.Build.0 = Ad-Hoc|iPhone
		{6790BBE5-963C-48D0-8237-82705FC52043}.Ad-Hoc|iPhoneSimulator.ActiveCfg = Ad-Hoc|iPhoneSimulator
		{6790BBE5-963C-48D0-8237-82705FC52043}.Ad-Hoc|iPhoneSimulator.Build.0 = Ad-Hoc|iPhoneSimulator
		{6790BBE5-963C-48D0-8237-82705FC52043}.Ad-Hoc|x64.ActiveCfg = Ad-Hoc|iPhone
		{6790BBE5-963C-48D0-8237-82705FC52043}.Ad-Hoc|x86.ActiveCfg = Ad-Hoc|iPhone
		{6790BBE5-963C-48D0-8237-82705FC52043}.AppStore|Any CPU.ActiveCfg = AppStore|iPhone
		{6790BBE5-963C-48D0-8237-82705FC52043}.AppStore|ARM.ActiveCfg = AppStore|iPhone
		{6790BBE5-963C-48D0-8237-82705FC52043}.AppStore|iPhone.ActiveCfg = AppStore|iPhone
		{6790BBE5-963C-48D0-8237-82705FC52043}.AppStore|iPhone.Build.0 = AppStore|iPhone
		{6790BBE5-963C-48D0-8237-82705FC52043}.AppStore|iPhoneSimulator.ActiveCfg = AppStore|iPhoneSimulator
		{6790BBE5-963C-48D0-8237-82705FC52043}.AppStore|iPhoneSimulator.Build.0 = AppStore|iPhoneSimulator
		{6790BBE5-963C-48D0-8237-82705FC52043}.AppStore|x64.ActiveCfg = AppStore|iPhone
		{6790BBE5-963C-48D0-8237-82705FC52043}.AppStore|x86.ActiveCfg = AppStore|iPhone
		{6790BBE5-963C-48D0-8237-82705FC52043}.Debug|Any CPU.ActiveCfg = Debug|iPhoneSimulator
		{6790BBE5-963C-48D0-8237-82705FC52043}.Debug|ARM.ActiveCfg = Debug|iPhone
		{6790BBE5-963C-48D0-8237-82705FC52043}.Debug|iPhone.ActiveCfg = Debug|iPhone
		{6790BBE5-963C-48D0-8237-82705FC52043}.Debug|iPhone.Build.0 = Debug|iPhone
		{6790BBE5-963C-48D0-8237-82705FC52043}.Debug|iPhoneSimulator.ActiveCfg = Debug|iPhoneSimulator
		{6790BBE5-963C-48D0-8237-82705FC52043}.Debug|iPhoneSimulator.Build.0 = Debug|iPhoneSimulator
		{6790BBE5-963C-48D0-8237-82705FC52043}.Debug|x64.ActiveCfg = Debug|iPhone
		{6790BBE5-963C-48D0-8237-82705FC52043}.Debug|x86.ActiveCfg = Debug|iPhone
		{6790BBE5-963C-48D0-8237-82705FC52043}.Release|Any CPU.ActiveCfg = Release|iPhone
		{6790BBE5-963C-48D0-8237-82705FC52043}.Release|ARM.ActiveCfg = Release|iPhone
		{6790BBE5-963C-48D0-8237-82705FC52043}.Release|iPhone.ActiveCfg = Release|iPhone
		{6790BBE5-963C-48D0-8237-82705FC52043}.Release|iPhone.Build.0 = Release|iPhone
		{6790BBE5-963C-48D0-8237-82705FC52043}.Release|iPhoneSimulator.ActiveCfg = Release|iPhoneSimulator
		{6790BBE5-963C-48D0-8237-82705FC52043}.Release|iPhoneSimulator.Build.0 = Release|iPhoneSimulator
		{6790BBE5-963C-48D0-8237-82705FC52043}.Release|x64.ActiveCfg = Release|iPhone
		{6790BBE5-963C-48D0-8237-82705FC52043}.Release|x86.ActiveCfg = Release|iPhone
		{6790BBE5-963C-48D0-8237-82705FC52043}.Debug|Any CPU.Build.0 = Debug|iPhoneSimulator
		{06D43744-C8D3-4770-8588-3942E68C4638}.Ad-Hoc|Any CPU.ActiveCfg = Release|Any CPU
		{06D43744-C8D3-4770-8588-3942E68C4638}.Ad-Hoc|Any CPU.Build.0 = Release|Any CPU
		{06D43744-C8D3-4770-8588-3942E68C4638}.Ad-Hoc|ARM.ActiveCfg = Release|Any CPU
		{06D43744-C8D3-4770-8588-3942E68C4638}.Ad-Hoc|ARM.Build.0 = Release|Any CPU
		{06D43744-C8D3-4770-8588-3942E68C4638}.Ad-Hoc|iPhone.ActiveCfg = Release|Any CPU
		{06D43744-C8D3-4770-8588-3942E68C4638}.Ad-Hoc|iPhone.Build.0 = Release|Any CPU
		{06D43744-C8D3-4770-8588-3942E68C4638}.Ad-Hoc|iPhoneSimulator.ActiveCfg = Release|Any CPU
		{06D43744-C8D3-4770-8588-3942E68C4638}.Ad-Hoc|iPhoneSimulator.Build.0 = Release|Any CPU
		{06D43744-C8D3-4770-8588-3942E68C4638}.Ad-Hoc|x64.ActiveCfg = Release|Any CPU
		{06D43744-C8D3-4770-8588-3942E68C4638}.Ad-Hoc|x64.Build.0 = Release|Any CPU
		{06D43744-C8D3-4770-8588-3942E68C4638}.Ad-Hoc|x86.ActiveCfg = Release|Any CPU
		{06D43744-C8D3-4770-8588-3942E68C4638}.Ad-Hoc|x86.Build.0 = Release|Any CPU
		{06D43744-C8D3-4770-8588-3942E68C4638}.AppStore|Any CPU.ActiveCfg = Release|Any CPU
		{06D43744-C8D3-4770-8588-3942E68C4638}.AppStore|Any CPU.Build.0 = Release|Any CPU
		{06D43744-C8D3-4770-8588-3942E68C4638}.AppStore|ARM.ActiveCfg = Release|Any CPU
		{06D43744-C8D3-4770-8588-3942E68C4638}.AppStore|ARM.Build.0 = Release|Any CPU
		{06D43744-C8D3-4770-8588-3942E68C4638}.AppStore|iPhone.ActiveCfg = Release|Any CPU
		{06D43744-C8D3-4770-8588-3942E68C4638}.AppStore|iPhone.Build.0 = Release|Any CPU
		{06D43744-C8D3-4770-8588-3942E68C4638}.AppStore|iPhoneSimulator.ActiveCfg = Release|Any CPU
		{06D43744-C8D3-4770-8588-3942E68C4638}.AppStore|iPhoneSimulator.Build.0 = Release|Any CPU
		{06D43744-C8D3-4770-8588-3942E68C4638}.AppStore|x64.ActiveCfg = Release|Any CPU
		{06D43744-C8D3-4770-8588-3942E68C4638}.AppStore|x64.Build.0 = Release|Any CPU
		{06D43744-C8D3-4770-8588-3942E68C4638}.AppStore|x86.ActiveCfg = Release|Any CPU
		{06D43744-C8D3-4770-8588-3942E68C4638}.AppStore|x86.Build.0 = Release|Any CPU
		{06D43744-C8D3-4770-8588-3942E68C4638}.Debug|Any CPU.ActiveCfg = Debug|Any CPU
		{06D43744-C8D3-4770-8588-3942E68C4638}.Debug|Any CPU.Build.0 = Debug|Any CPU
		{06D43744-C8D3-4770-8588-3942E68C4638}.Debug|ARM.ActiveCfg = Debug|Any CPU
		{06D43744-C8D3-4770-8588-3942E68C4638}.Debug|ARM.Build.0 = Debug|Any CPU
		{06D43744-C8D3-4770-8588-3942E68C4638}.Debug|iPhone.ActiveCfg = Debug|Any CPU
		{06D43744-C8D3-4770-8588-3942E68C4638}.Debug|iPhone.Build.0 = Debug|Any CPU
		{06D43744-C8D3-4770-8588-3942E68C4638}.Debug|iPhoneSimulator.ActiveCfg = Debug|Any CPU
		{06D43744-C8D3-4770-8588-3942E68C4638}.Debug|iPhoneSimulator.Build.0 = Debug|Any CPU
		{06D43744-C8D3-4770-8588-3942E68C4638}.Debug|x64.ActiveCfg = Debug|Any CPU
		{06D43744-C8D3-4770-8588-3942E68C4638}.Debug|x64.Build.0 = Debug|Any CPU
		{06D43744-C8D3-4770-8588-3942E68C4638}.Debug|x86.ActiveCfg = Debug|Any CPU
		{06D43744-C8D3-4770-8588-3942E68C4638}.Debug|x86.Build.0 = Debug|Any CPU
		{06D43744-C8D3-4770-8588-3942E68C4638}.Release|Any CPU.ActiveCfg = Release|Any CPU
		{06D43744-C8D3-4770-8588-3942E68C4638}.Release|Any CPU.Build.0 = Release|Any CPU
		{06D43744-C8D3-4770-8588-3942E68C4638}.Release|ARM.ActiveCfg = Release|Any CPU
		{06D43744-C8D3-4770-8588-3942E68C4638}.Release|ARM.Build.0 = Release|Any CPU
		{06D43744-C8D3-4770-8588-3942E68C4638}.Release|iPhone.ActiveCfg = Release|Any CPU
		{06D43744-C8D3-4770-8588-3942E68C4638}.Release|iPhone.Build.0 = Release|Any CPU
		{06D43744-C8D3-4770-8588-3942E68C4638}.Release|iPhoneSimulator.ActiveCfg = Release|Any CPU
		{06D43744-C8D3-4770-8588-3942E68C4638}.Release|iPhoneSimulator.Build.0 = Release|Any CPU
		{06D43744-C8D3-4770-8588-3942E68C4638}.Release|x64.ActiveCfg = Release|Any CPU
		{06D43744-C8D3-4770-8588-3942E68C4638}.Release|x64.Build.0 = Release|Any CPU
		{06D43744-C8D3-4770-8588-3942E68C4638}.Release|x86.ActiveCfg = Release|Any CPU
		{06D43744-C8D3-4770-8588-3942E68C4638}.Release|x86.Build.0 = Release|Any CPU
		{670CBA69-9583-4080-9DB7-CF38C572BD11}.Ad-Hoc|Any CPU.ActiveCfg = Release|Any CPU
		{670CBA69-9583-4080-9DB7-CF38C572BD11}.Ad-Hoc|Any CPU.Build.0 = Release|Any CPU
		{670CBA69-9583-4080-9DB7-CF38C572BD11}.Ad-Hoc|ARM.ActiveCfg = Release|Any CPU
		{670CBA69-9583-4080-9DB7-CF38C572BD11}.Ad-Hoc|ARM.Build.0 = Release|Any CPU
		{670CBA69-9583-4080-9DB7-CF38C572BD11}.Ad-Hoc|iPhone.ActiveCfg = Release|Any CPU
		{670CBA69-9583-4080-9DB7-CF38C572BD11}.Ad-Hoc|iPhone.Build.0 = Release|Any CPU
		{670CBA69-9583-4080-9DB7-CF38C572BD11}.Ad-Hoc|iPhoneSimulator.ActiveCfg = Release|Any CPU
		{670CBA69-9583-4080-9DB7-CF38C572BD11}.Ad-Hoc|iPhoneSimulator.Build.0 = Release|Any CPU
		{670CBA69-9583-4080-9DB7-CF38C572BD11}.Ad-Hoc|x64.ActiveCfg = Release|Any CPU
		{670CBA69-9583-4080-9DB7-CF38C572BD11}.Ad-Hoc|x64.Build.0 = Release|Any CPU
		{670CBA69-9583-4080-9DB7-CF38C572BD11}.Ad-Hoc|x86.ActiveCfg = Release|Any CPU
		{670CBA69-9583-4080-9DB7-CF38C572BD11}.Ad-Hoc|x86.Build.0 = Release|Any CPU
		{670CBA69-9583-4080-9DB7-CF38C572BD11}.AppStore|Any CPU.ActiveCfg = Release|Any CPU
		{670CBA69-9583-4080-9DB7-CF38C572BD11}.AppStore|Any CPU.Build.0 = Release|Any CPU
		{670CBA69-9583-4080-9DB7-CF38C572BD11}.AppStore|ARM.ActiveCfg = Release|Any CPU
		{670CBA69-9583-4080-9DB7-CF38C572BD11}.AppStore|ARM.Build.0 = Release|Any CPU
		{670CBA69-9583-4080-9DB7-CF38C572BD11}.AppStore|iPhone.ActiveCfg = Release|Any CPU
		{670CBA69-9583-4080-9DB7-CF38C572BD11}.AppStore|iPhone.Build.0 = Release|Any CPU
		{670CBA69-9583-4080-9DB7-CF38C572BD11}.AppStore|iPhoneSimulator.ActiveCfg = Release|Any CPU
		{670CBA69-9583-4080-9DB7-CF38C572BD11}.AppStore|iPhoneSimulator.Build.0 = Release|Any CPU
		{670CBA69-9583-4080-9DB7-CF38C572BD11}.AppStore|x64.ActiveCfg = Release|Any CPU
		{670CBA69-9583-4080-9DB7-CF38C572BD11}.AppStore|x64.Build.0 = Release|Any CPU
		{670CBA69-9583-4080-9DB7-CF38C572BD11}.AppStore|x86.ActiveCfg = Release|Any CPU
		{670CBA69-9583-4080-9DB7-CF38C572BD11}.AppStore|x86.Build.0 = Release|Any CPU
		{670CBA69-9583-4080-9DB7-CF38C572BD11}.Debug|Any CPU.ActiveCfg = Debug|Any CPU
		{670CBA69-9583-4080-9DB7-CF38C572BD11}.Debug|Any CPU.Build.0 = Debug|Any CPU
		{670CBA69-9583-4080-9DB7-CF38C572BD11}.Debug|ARM.ActiveCfg = Debug|Any CPU
		{670CBA69-9583-4080-9DB7-CF38C572BD11}.Debug|ARM.Build.0 = Debug|Any CPU
		{670CBA69-9583-4080-9DB7-CF38C572BD11}.Debug|iPhone.ActiveCfg = Debug|Any CPU
		{670CBA69-9583-4080-9DB7-CF38C572BD11}.Debug|iPhone.Build.0 = Debug|Any CPU
		{670CBA69-9583-4080-9DB7-CF38C572BD11}.Debug|iPhoneSimulator.ActiveCfg = Debug|Any CPU
		{670CBA69-9583-4080-9DB7-CF38C572BD11}.Debug|iPhoneSimulator.Build.0 = Debug|Any CPU
		{670CBA69-9583-4080-9DB7-CF38C572BD11}.Debug|x64.ActiveCfg = Debug|Any CPU
		{670CBA69-9583-4080-9DB7-CF38C572BD11}.Debug|x64.Build.0 = Debug|Any CPU
		{670CBA69-9583-4080-9DB7-CF38C572BD11}.Debug|x86.ActiveCfg = Debug|Any CPU
		{670CBA69-9583-4080-9DB7-CF38C572BD11}.Debug|x86.Build.0 = Debug|Any CPU
		{670CBA69-9583-4080-9DB7-CF38C572BD11}.Release|Any CPU.ActiveCfg = Release|Any CPU
		{670CBA69-9583-4080-9DB7-CF38C572BD11}.Release|Any CPU.Build.0 = Release|Any CPU
		{670CBA69-9583-4080-9DB7-CF38C572BD11}.Release|ARM.ActiveCfg = Release|Any CPU
		{670CBA69-9583-4080-9DB7-CF38C572BD11}.Release|ARM.Build.0 = Release|Any CPU
		{670CBA69-9583-4080-9DB7-CF38C572BD11}.Release|iPhone.ActiveCfg = Release|Any CPU
		{670CBA69-9583-4080-9DB7-CF38C572BD11}.Release|iPhone.Build.0 = Release|Any CPU
		{670CBA69-9583-4080-9DB7-CF38C572BD11}.Release|iPhoneSimulator.ActiveCfg = Release|Any CPU
		{670CBA69-9583-4080-9DB7-CF38C572BD11}.Release|iPhoneSimulator.Build.0 = Release|Any CPU
		{670CBA69-9583-4080-9DB7-CF38C572BD11}.Release|x64.ActiveCfg = Release|Any CPU
		{670CBA69-9583-4080-9DB7-CF38C572BD11}.Release|x64.Build.0 = Release|Any CPU
		{670CBA69-9583-4080-9DB7-CF38C572BD11}.Release|x86.ActiveCfg = Release|Any CPU
		{670CBA69-9583-4080-9DB7-CF38C572BD11}.Release|x86.Build.0 = Release|Any CPU
		{228C2012-4595-4A5D-AD05-257DCC56E346}.Ad-Hoc|Any CPU.ActiveCfg = Release|Any CPU
		{228C2012-4595-4A5D-AD05-257DCC56E346}.Ad-Hoc|Any CPU.Build.0 = Release|Any CPU
		{228C2012-4595-4A5D-AD05-257DCC56E346}.Ad-Hoc|ARM.ActiveCfg = Release|Any CPU
		{228C2012-4595-4A5D-AD05-257DCC56E346}.Ad-Hoc|ARM.Build.0 = Release|Any CPU
		{228C2012-4595-4A5D-AD05-257DCC56E346}.Ad-Hoc|iPhone.ActiveCfg = Release|Any CPU
		{228C2012-4595-4A5D-AD05-257DCC56E346}.Ad-Hoc|iPhone.Build.0 = Release|Any CPU
		{228C2012-4595-4A5D-AD05-257DCC56E346}.Ad-Hoc|iPhoneSimulator.ActiveCfg = Release|Any CPU
		{228C2012-4595-4A5D-AD05-257DCC56E346}.Ad-Hoc|iPhoneSimulator.Build.0 = Release|Any CPU
		{228C2012-4595-4A5D-AD05-257DCC56E346}.Ad-Hoc|x64.ActiveCfg = Release|Any CPU
		{228C2012-4595-4A5D-AD05-257DCC56E346}.Ad-Hoc|x64.Build.0 = Release|Any CPU
		{228C2012-4595-4A5D-AD05-257DCC56E346}.Ad-Hoc|x86.ActiveCfg = Release|Any CPU
		{228C2012-4595-4A5D-AD05-257DCC56E346}.Ad-Hoc|x86.Build.0 = Release|Any CPU
		{228C2012-4595-4A5D-AD05-257DCC56E346}.AppStore|Any CPU.ActiveCfg = Release|Any CPU
		{228C2012-4595-4A5D-AD05-257DCC56E346}.AppStore|Any CPU.Build.0 = Release|Any CPU
		{228C2012-4595-4A5D-AD05-257DCC56E346}.AppStore|ARM.ActiveCfg = Release|Any CPU
		{228C2012-4595-4A5D-AD05-257DCC56E346}.AppStore|ARM.Build.0 = Release|Any CPU
		{228C2012-4595-4A5D-AD05-257DCC56E346}.AppStore|iPhone.ActiveCfg = Release|Any CPU
		{228C2012-4595-4A5D-AD05-257DCC56E346}.AppStore|iPhone.Build.0 = Release|Any CPU
		{228C2012-4595-4A5D-AD05-257DCC56E346}.AppStore|iPhoneSimulator.ActiveCfg = Release|Any CPU
		{228C2012-4595-4A5D-AD05-257DCC56E346}.AppStore|iPhoneSimulator.Build.0 = Release|Any CPU
		{228C2012-4595-4A5D-AD05-257DCC56E346}.AppStore|x64.ActiveCfg = Release|Any CPU
		{228C2012-4595-4A5D-AD05-257DCC56E346}.AppStore|x64.Build.0 = Release|Any CPU
		{228C2012-4595-4A5D-AD05-257DCC56E346}.AppStore|x86.ActiveCfg = Release|Any CPU
		{228C2012-4595-4A5D-AD05-257DCC56E346}.AppStore|x86.Build.0 = Release|Any CPU
		{228C2012-4595-4A5D-AD05-257DCC56E346}.Debug|Any CPU.ActiveCfg = Debug|Any CPU
		{228C2012-4595-4A5D-AD05-257DCC56E346}.Debug|Any CPU.Build.0 = Debug|Any CPU
		{228C2012-4595-4A5D-AD05-257DCC56E346}.Debug|ARM.ActiveCfg = Debug|Any CPU
		{228C2012-4595-4A5D-AD05-257DCC56E346}.Debug|ARM.Build.0 = Debug|Any CPU
		{228C2012-4595-4A5D-AD05-257DCC56E346}.Debug|iPhone.ActiveCfg = Debug|Any CPU
		{228C2012-4595-4A5D-AD05-257DCC56E346}.Debug|iPhone.Build.0 = Debug|Any CPU
		{228C2012-4595-4A5D-AD05-257DCC56E346}.Debug|iPhoneSimulator.ActiveCfg = Debug|Any CPU
		{228C2012-4595-4A5D-AD05-257DCC56E346}.Debug|iPhoneSimulator.Build.0 = Debug|Any CPU
		{228C2012-4595-4A5D-AD05-257DCC56E346}.Debug|x64.ActiveCfg = Debug|Any CPU
		{228C2012-4595-4A5D-AD05-257DCC56E346}.Debug|x64.Build.0 = Debug|Any CPU
		{228C2012-4595-4A5D-AD05-257DCC56E346}.Debug|x86.ActiveCfg = Debug|Any CPU
		{228C2012-4595-4A5D-AD05-257DCC56E346}.Debug|x86.Build.0 = Debug|Any CPU
		{228C2012-4595-4A5D-AD05-257DCC56E346}.Release|Any CPU.ActiveCfg = Release|Any CPU
		{228C2012-4595-4A5D-AD05-257DCC56E346}.Release|Any CPU.Build.0 = Release|Any CPU
		{228C2012-4595-4A5D-AD05-257DCC56E346}.Release|ARM.ActiveCfg = Release|Any CPU
		{228C2012-4595-4A5D-AD05-257DCC56E346}.Release|ARM.Build.0 = Release|Any CPU
		{228C2012-4595-4A5D-AD05-257DCC56E346}.Release|iPhone.ActiveCfg = Release|Any CPU
		{228C2012-4595-4A5D-AD05-257DCC56E346}.Release|iPhone.Build.0 = Release|Any CPU
		{228C2012-4595-4A5D-AD05-257DCC56E346}.Release|iPhoneSimulator.ActiveCfg = Release|Any CPU
		{228C2012-4595-4A5D-AD05-257DCC56E346}.Release|iPhoneSimulator.Build.0 = Release|Any CPU
		{228C2012-4595-4A5D-AD05-257DCC56E346}.Release|x64.ActiveCfg = Release|Any CPU
		{228C2012-4595-4A5D-AD05-257DCC56E346}.Release|x64.Build.0 = Release|Any CPU
		{228C2012-4595-4A5D-AD05-257DCC56E346}.Release|x86.ActiveCfg = Release|Any CPU
		{228C2012-4595-4A5D-AD05-257DCC56E346}.Release|x86.Build.0 = Release|Any CPU
	EndGlobalSection
	GlobalSection(SolutionProperties) = preSolution
		HideSolutionNode = FALSE
	EndGlobalSection
	GlobalSection(ExtensibilityGlobals) = postSolution
		SolutionGuid = {1C7CA2D0-C660-400C-B7CC-F5A3550985B3}
	EndGlobalSection
EndGlobal
